
Microsoft Visual Studio Solution File, Format Version 12.00
# Visual Studio 15
VisualStudioVersion = 15.0.27703.2018
MinimumVisualStudioVersion = 10.0.40219.1
Project("{9A19103F-16F7-4668-BE54-9A1E7A4F7556}") = "RESTServiceSample", "RESTServiceSample\RESTServiceSample.csproj", "{C042075B-E1D0-44B5-AA33-981654878653}"
EndProject
Project("{FAE04EC0-301F-11D3-BF4B-00C04F79EFBC}") = "RESTConsumerCLI", "RESTConsumerCLI\RESTConsumerCLI.csproj", "{D8FC295F-E508-40AF-A15F-B4E02320258D}"
EndProject
Global
	GlobalSection(SolutionConfigurationPlatforms) = preSolution
		Debug|Any CPU = Debug|Any CPU
		Release|Any CPU = Release|Any CPU
	EndGlobalSection
	GlobalSection(ProjectConfigurationPlatforms) = postSolution
		{C042075B-E1D0-44B5-AA33-981654878653}.Debug|Any CPU.ActiveCfg = Debug|Any CPU
		{C042075B-E1D0-44B5-AA33-981654878653}.Debug|Any CPU.Build.0 = Debug|Any CPU
		{C042075B-E1D0-44B5-AA33-981654878653}.Release|Any CPU.ActiveCfg = Release|Any CPU
		{C042075B-E1D0-44B5-AA33-981654878653}.Release|Any CPU.Build.0 = Release|Any CPU
		{D8FC295F-E508-40AF-A15F-B4E02320258D}.Debug|Any CPU.ActiveCfg = Debug|Any CPU
		{D8FC295F-E508-40AF-A15F-B4E02320258D}.Debug|Any CPU.Build.0 = Debug|Any CPU
		{D8FC295F-E508-40AF-A15F-B4E02320258D}.Release|Any CPU.ActiveCfg = Release|Any CPU
		{D8FC295F-E508-40AF-A15F-B4E02320258D}.Release|Any CPU.Build.0 = Release|Any CPU
	EndGlobalSection
	GlobalSection(SolutionProperties) = preSolution
		HideSolutionNode = FALSE
	EndGlobalSection
	GlobalSection(ExtensibilityGlobals) = postSolution
		SolutionGuid = {BB12AAD3-B66E-4672-9094-C7C9D1C526D9}
	EndGlobalSection
EndGlobal
